
Microsoft Visual Studio Solution File, Format Version 12.00
# Visual Studio Version 16
VisualStudioVersion = 16.0.29709.97
MinimumVisualStudioVersion = 10.0.40219.1
Project("{FAE04EC0-301F-11D3-BF4B-00C04F79EFBC}") = "RainDogsUni.Web", "RainDogsUni.Web\RainDogsUni.Web.csproj", "{FD5B4721-F836-4D30-8BBA-A5C013A9A4C2}"
EndProject
Global
	GlobalSection(SolutionConfigurationPlatforms) = preSolution
		Debug|Any CPU = Debug|Any CPU
		Release|Any CPU = Release|Any CPU
	EndGlobalSection
	GlobalSection(ProjectConfigurationPlatforms) = postSolution
		{FD5B4721-F836-4D30-8BBA-A5C013A9A4C2}.Debug|Any CPU.ActiveCfg = Debug|Any CPU
		{FD5B4721-F836-4D30-8BBA-A5C013A9A4C2}.Debug|Any CPU.Build.0 = Debug|Any CPU
		{FD5B4721-F836-4D30-8BBA-A5C013A9A4C2}.Release|Any CPU.ActiveCfg = Release|Any CPU
		{FD5B4721-F836-4D30-8BBA-A5C013A9A4C2}.Release|Any CPU.Build.0 = Release|Any CPU
	EndGlobalSection
	GlobalSection(SolutionProperties) = preSolution
		HideSolutionNode = FALSE
	EndGlobalSection
	GlobalSection(ExtensibilityGlobals) = postSolution
		SolutionGuid = {3AE44440-FBDE-4A5C-BAE9-ACF5FCEF578B}
	EndGlobalSection
EndGlobal
